
Microsoft Visual Studio Solution File, Format Version 12.00
# Visual Studio Version 17
VisualStudioVersion = 17.11.35208.52
MinimumVisualStudioVersion = 10.0.40219.1
Project("{FAE04EC0-301F-11D3-BF4B-00C04F79EFBC}") = "Layouts", "Layouts\Layouts.csproj", "{162985D9-8C2B-472A-BE08-205B27A3FEAB}"
EndProject
Global
	GlobalSection(SolutionConfigurationPlatforms) = preSolution
		Debug|Any CPU = Debug|Any CPU
		Release|Any CPU = Release|Any CPU
	EndGlobalSection
	GlobalSection(ProjectConfigurationPlatforms) = postSolution
		{162985D9-8C2B-472A-BE08-205B27A3FEAB}.Debug|Any CPU.ActiveCfg = Debug|Any CPU
		{162985D9-8C2B-472A-BE08-205B27A3FEAB}.Debug|Any CPU.Build.0 = Debug|Any CPU
		{162985D9-8C2B-472A-BE08-205B27A3FEAB}.Debug|Any CPU.Deploy.0 = Debug|Any CPU
		{162985D9-8C2B-472A-BE08-205B27A3FEAB}.Release|Any CPU.ActiveCfg = Release|Any CPU
		{162985D9-8C2B-472A-BE08-205B27A3FEAB}.Release|Any CPU.Build.0 = Release|Any CPU
		{162985D9-8C2B-472A-BE08-205B27A3FEAB}.Release|Any CPU.Deploy.0 = Release|Any CPU
	EndGlobalSection
	GlobalSection(SolutionProperties) = preSolution
		HideSolutionNode = FALSE
	EndGlobalSection
	GlobalSection(ExtensibilityGlobals) = postSolution
		SolutionGuid = {8CC93D4A-7D9A-49E3-921F-A8AA7E246791}
	EndGlobalSection
EndGlobal
